// !$*UTF8*$!
{
	archiveVersion = 1;
	classes = {
	};
	objectVersion = 46;
	objects = {

/* Begin PBXBuildFile section */
		316F104B19720B9400EDA87A /* AppDelegate.swift in Sources */ = {isa = PBXBuildFile; fileRef = 316F104A19720B9400EDA87A /* AppDelegate.swift */; };
		316F104D19720B9400EDA87A /* ViewController.swift in Sources */ = {isa = PBXBuildFile; fileRef = 316F104C19720B9400EDA87A /* ViewController.swift */; };
		316F105019720B9400EDA87A /* Main.storyboard in Resources */ = {isa = PBXBuildFile; fileRef = 316F104E19720B9400EDA87A /* Main.storyboard */; };
		316F105219720B9400EDA87A /* Images.xcassets in Resources */ = {isa = PBXBuildFile; fileRef = 316F105119720B9400EDA87A /* Images.xcassets */; };
		316F105E19720B9400EDA87A /* fb_viewer_swiftTests.swift in Sources */ = {isa = PBXBuildFile; fileRef = 316F105D19720B9400EDA87A /* fb_viewer_swiftTests.swift */; };
/* End PBXBuildFile section */

/* Begin PBXContainerItemProxy section */
		316F105819720B9400EDA87A /* PBXContainerItemProxy */ = {
			isa = PBXContainerItemProxy;
			containerPortal = 316F103D19720B9400EDA87A /* Project object */;
			proxyType = 1;
			remoteGlobalIDString = 316F104419720B9400EDA87A;
			remoteInfo = "fb-viewer-swift";
		};
/* End PBXContainerItemProxy section */

/* Begin PBXFileReference section */
		316F104519720B9400EDA87A /* fb-viewer-swift.app */ = {isa = PBXFileReference; explicitFileType = wrapper.application; includeInIndex = 0; path = "fb-viewer-swift.app"; sourceTree = BUILT_PRODUCTS_DIR; };
		316F104919720B9400EDA87A /* Info.plist */ = {isa = PBXFileReference; lastKnownFileType = text.plist.xml; path = Info.plist; sourceTree = "<group>"; };
		316F104A19720B9400EDA87A /* AppDelegate.swift */ = {isa = PBXFileReference; lastKnownFileType = sourcecode.swift; path = AppDelegate.swift; sourceTree = "<group>"; };
		316F104C19720B9400EDA87A /* ViewController.swift */ = {isa = PBXFileReference; lastKnownFileType = sourcecode.swift; path = ViewController.swift; sourceTree = "<group>"; };
		316F104F19720B9400EDA87A /* Base */ = {isa = PBXFileReference; lastKnownFileType = file.storyboard; name = Base; path = Base.lproj/Main.storyboard; sourceTree = "<group>"; };
		316F105119720B9400EDA87A /* Images.xcassets */ = {isa = PBXFileReference; lastKnownFileType = folder.assetcatalog; path = Images.xcassets; sourceTree = "<group>"; };
		316F105719720B9400EDA87A /* fb-viewer-swiftTests.xctest */ = {isa = PBXFileReference; explicitFileType = wrapper.cfbundle; includeInIndex = 0; path = "fb-viewer-swiftTests.xctest"; sourceTree = BUILT_PRODUCTS_DIR; };
		316F105C19720B9400EDA87A /* Info.plist */ = {isa = PBXFileReference; lastKnownFileType = text.plist.xml; path = Info.plist; sourceTree = "<group>"; };
		316F105D19720B9400EDA87A /* fb_viewer_swiftTests.swift */ = {isa = PBXFileReference; lastKnownFileType = sourcecode.swift; path = fb_viewer_swiftTests.swift; sourceTree = "<group>"; };
/* End PBXFileReference section */

/* Begin PBXFrameworksBuildPhase section */
		316F104219720B9400EDA87A /* Frameworks */ = {
			isa = PBXFrameworksBuildPhase;
			buildActionMask = 2147483647;
			files = (
			);
			runOnlyForDeploymentPostprocessing = 0;
		};
		316F105419720B9400EDA87A /* Frameworks */ = {
			isa = PBXFrameworksBuildPhase;
			buildActionMask = 2147483647;
			files = (
			);
			runOnlyForDeploymentPostprocessing = 0;
		};
/* End PBXFrameworksBuildPhase section */

/* Begin PBXGroup section */
		316F103C19720B9400EDA87A = {
			isa = PBXGroup;
			children = (
				316F104719720B9400EDA87A /* fb-viewer-swift */,
				316F105A19720B9400EDA87A /* fb-viewer-swiftTests */,
				316F104619720B9400EDA87A /* Products */,
			);
			sourceTree = "<group>";
		};
		316F104619720B9400EDA87A /* Products */ = {
			isa = PBXGroup;
			children = (
				316F104519720B9400EDA87A /* fb-viewer-swift.app */,
				316F105719720B9400EDA87A /* fb-viewer-swiftTests.xctest */,
			);
			name = Products;
			sourceTree = "<group>";
		};
		316F104719720B9400EDA87A /* fb-viewer-swift */ = {
			isa = PBXGroup;
			children = (
				316F104A19720B9400EDA87A /* AppDelegate.swift */,
				316F104C19720B9400EDA87A /* ViewController.swift */,
				316F104E19720B9400EDA87A /* Main.storyboard */,
				316F105119720B9400EDA87A /* Images.xcassets */,
				316F104819720B9400EDA87A /* Supporting Files */,
			);
			path = "fb-viewer-swift";
			sourceTree = "<group>";
		};
		316F104819720B9400EDA87A /* Supporting Files */ = {
			isa = PBXGroup;
			children = (
				316F104919720B9400EDA87A /* Info.plist */,
			);
			name = "Supporting Files";
			sourceTree = "<group>";
		};
		316F105A19720B9400EDA87A /* fb-viewer-swiftTests */ = {
			isa = PBXGroup;
			children = (
				316F105D19720B9400EDA87A /* fb_viewer_swiftTests.swift */,
				316F105B19720B9400EDA87A /* Supporting Files */,
			);
			path = "fb-viewer-swiftTests";
			sourceTree = "<group>";
		};
		316F105B19720B9400EDA87A /* Supporting Files */ = {
			isa = PBXGroup;
			children = (
				316F105C19720B9400EDA87A /* Info.plist */,
			);
			name = "Supporting Files";
			sourceTree = "<group>";
		};
/* End PBXGroup section */

/* Begin PBXNativeTarget section */
		316F104419720B9400EDA87A /* fb-viewer-swift */ = {
			isa = PBXNativeTarget;
			buildConfigurationList = 316F106119720B9400EDA87A /* Build configuration list for PBXNativeTarget "fb-viewer-swift" */;
			buildPhases = (
				316F104119720B9400EDA87A /* Sources */,
				316F104219720B9400EDA87A /* Frameworks */,
				316F104319720B9400EDA87A /* Resources */,
			);
			buildRules = (
			);
			dependencies = (
			);
			name = "fb-viewer-swift";
			productName = "fb-viewer-swift";
			productReference = 316F104519720B9400EDA87A /* fb-viewer-swift.app */;
			productType = "com.apple.product-type.application";
		};
		316F105619720B9400EDA87A /* fb-viewer-swiftTests */ = {
			isa = PBXNativeTarget;
			buildConfigurationList = 316F106419720B9400EDA87A /* Build configuration list for PBXNativeTarget "fb-viewer-swiftTests" */;
			buildPhases = (
				316F105319720B9400EDA87A /* Sources */,
				316F105419720B9400EDA87A /* Frameworks */,
				316F105519720B9400EDA87A /* Resources */,
			);
			buildRules = (
			);
			dependencies = (
				316F105919720B9400EDA87A /* PBXTargetDependency */,
			);
			name = "fb-viewer-swiftTests";
			productName = "fb-viewer-swiftTests";
			productReference = 316F105719720B9400EDA87A /* fb-viewer-swiftTests.xctest */;
			productType = "com.apple.product-type.bundle.unit-test";
		};
/* End PBXNativeTarget section */

/* Begin PBXProject section */
		316F103D19720B9400EDA87A /* Project object */ = {
			isa = PBXProject;
			attributes = {
				LastUpgradeCheck = 0600;
				ORGANIZATIONNAME = "Jonathan Yu";
				TargetAttributes = {
					316F104419720B9400EDA87A = {
						CreatedOnToolsVersion = 6.0;
					};
					316F105619720B9400EDA87A = {
						CreatedOnToolsVersion = 6.0;
						TestTargetID = 316F104419720B9400EDA87A;
					};
				};
			};
			buildConfigurationList = 316F104019720B9400EDA87A /* Build configuration list for PBXProject "fb-viewer-swift" */;
			compatibilityVersion = "Xcode 3.2";
			developmentRegion = English;
			hasScannedForEncodings = 0;
			knownRegions = (
				en,
				Base,
			);
			mainGroup = 316F103C19720B9400EDA87A;
			productRefGroup = 316F104619720B9400EDA87A /* Products */;
			projectDirPath = "";
			projectRoot = "";
			targets = (
				316F104419720B9400EDA87A /* fb-viewer-swift */,
				316F105619720B9400EDA87A /* fb-viewer-swiftTests */,
			);
		};
/* End PBXProject section */

/* Begin PBXResourcesBuildPhase section */
		316F104319720B9400EDA87A /* Resources */ = {
			isa = PBXResourcesBuildPhase;
			buildActionMask = 2147483647;
			files = (
				316F105019720B9400EDA87A /* Main.storyboard in Resources */,
				316F105219720B9400EDA87A /* Images.xcassets in Resources */,
			);
			runOnlyForDeploymentPostprocessing = 0;
		};
		316F105519720B9400EDA87A /* Resources */ = {
			isa = PBXResourcesBuildPhase;
			buildActionMask = 2147483647;
			files = (
			);
			runOnlyForDeploymentPostprocessing = 0;
		};
/* End PBXResourcesBuildPhase section */

/* Begin PBXSourcesBuildPhase section */
		316F104119720B9400EDA87A /* Sources */ = {
			isa = PBXSourcesBuildPhase;
			buildActionMask = 2147483647;
			files = (
				316F104D19720B9400EDA87A /* ViewController.swift in Sources */,
				316F104B19720B9400EDA87A /* AppDelegate.swift in Sources */,
			);
			runOnlyForDeploymentPostprocessing = 0;
		};
		316F105319720B9400EDA87A /* Sources */ = {
			isa = PBXSourcesBuildPhase;
			buildActionMask = 2147483647;
			files = (
				316F105E19720B9400EDA87A /* fb_viewer_swiftTests.swift in Sources */,
			);
			runOnlyForDeploymentPostprocessing = 0;
		};
/* End PBXSourcesBuildPhase section */

/* Begin PBXTargetDependency section */
		316F105919720B9400EDA87A /* PBXTargetDependency */ = {
			isa = PBXTargetDependency;
			target = 316F104419720B9400EDA87A /* fb-viewer-swift */;
			targetProxy = 316F105819720B9400EDA87A /* PBXContainerItemProxy */;
		};
/* End PBXTargetDependency section */

/* Begin PBXVariantGroup section */
		316F104E19720B9400EDA87A /* Main.storyboard */ = {
			isa = PBXVariantGroup;
			children = (
				316F104F19720B9400EDA87A /* Base */,
			);
			name = Main.storyboard;
			sourceTree = "<group>";
		};
/* End PBXVariantGroup section */

/* Begin XCBuildConfiguration section */
		316F105F19720B9400EDA87A /* Debug */ = {
			isa = XCBuildConfiguration;
			buildSettings = {
				ALWAYS_SEARCH_USER_PATHS = NO;
				CLANG_CXX_LANGUAGE_STANDARD = "gnu++0x";
				CLANG_CXX_LIBRARY = "libc++";
				CLANG_ENABLE_MODULES = YES;
				CLANG_ENABLE_OBJC_ARC = YES;
				CLANG_WARN_BOOL_CONVERSION = YES;
				CLANG_WARN_CONSTANT_CONVERSION = YES;
				CLANG_WARN_DIRECT_OBJC_ISA_USAGE = YES_ERROR;
				CLANG_WARN_EMPTY_BODY = YES;
				CLANG_WARN_ENUM_CONVERSION = YES;
				CLANG_WARN_INT_CONVERSION = YES;
				CLANG_WARN_OBJC_ROOT_CLASS = YES_ERROR;
				CLANG_WARN_UNREACHABLE_CODE = YES;
				CLANG_WARN__DUPLICATE_METHOD_MATCH = YES;
				"CODE_SIGN_IDENTITY[sdk=iphoneos*]" = "iPhone Developer";
				COPY_PHASE_STRIP = NO;
				ENABLE_STRICT_OBJC_MSGSEND = YES;
				GCC_C_LANGUAGE_STANDARD = gnu99;
				GCC_DYNAMIC_NO_PIC = NO;
				GCC_OPTIMIZATION_LEVEL = 0;
				GCC_PREPROCESSOR_DEFINITIONS = (
					"DEBUG=1",
					"$(inherited)",
				);
				GCC_SYMBOLS_PRIVATE_EXTERN = NO;
				GCC_WARN_64_TO_32_BIT_CONVERSION = YES;
				GCC_WARN_ABOUT_RETURN_TYPE = YES_ERROR;
				GCC_WARN_UNDECLARED_SELECTOR = YES;
				GCC_WARN_UNINITIALIZED_AUTOS = YES_AGGRESSIVE;
				GCC_WARN_UNUSED_FUNCTION = YES;
				GCC_WARN_UNUSED_VARIABLE = YES;
				IPHONEOS_DEPLOYMENT_TARGET = 8.0;
				MTL_ENABLE_DEBUG_INFO = YES;
				ONLY_ACTIVE_ARCH = YES;
				SDKROOT = iphoneos;
				SWIFT_OPTIMIZATION_LEVEL = "-Onone";
			};
			name = Debug;
		};
		316F106019720B9400EDA87A /* Release */ = {
			isa = XCBuildConfiguration;
			buildSettings = {
				ALWAYS_SEARCH_USER_PATHS = NO;
				CLANG_CXX_LANGUAGE_STANDARD = "gnu++0x";
				CLANG_CXX_LIBRARY = "libc++";
				CLANG_ENABLE_MODULES = YES;
				CLANG_ENABLE_OBJC_ARC = YES;
				CLANG_WARN_BOOL_CONVERSION = YES;
				CLANG_WARN_CONSTANT_CONVERSION = YES;
				CLANG_WARN_DIRECT_OBJC_ISA_USAGE = YES_ERROR;
				CLANG_WARN_EMPTY_BODY = YES;
				CLANG_WARN_ENUM_CONVERSION = YES;
				CLANG_WARN_INT_CONVERSION = YES;
				CLANG_WARN_OBJC_ROOT_CLASS = YES_ERROR;
				CLANG_WARN_UNREACHABLE_CODE = YES;
				CLANG_WARN__DUPLICATE_METHOD_MATCH = YES;
				"CODE_SIGN_IDENTITY[sdk=iphoneos*]" = "iPhone Developer";
				COPY_PHASE_STRIP = YES;
				ENABLE_NS_ASSERTIONS = NO;
				ENABLE_STRICT_OBJC_MSGSEND = YES;
				GCC_C_LANGUAGE_STANDARD = gnu99;
				GCC_WARN_64_TO_32_BIT_CONVERSION = YES;
				GCC_WARN_ABOUT_RETURN_TYPE = YES_ERROR;
				GCC_WARN_UNDECLARED_SELECTOR = YES;
				GCC_WARN_UNINITIALIZED_AUTOS = YES_AGGRESSIVE;
				GCC_WARN_UNUSED_FUNCTION = YES;
				GCC_WARN_UNUSED_VARIABLE = YES;
				IPHONEOS_DEPLOYMENT_TARGET = 8.0;
				MTL_ENABLE_DEBUG_INFO = NO;
				SDKROOT = iphoneos;
				VALIDATE_PRODUCT = YES;
			};
			name = Release;
		};
		316F106219720B9400EDA87A /* Debug */ = {
			isa = XCBuildConfiguration;
			buildSettings = {
				ASSETCATALOG_COMPILER_APPICON_NAME = AppIcon;
				ASSETCATALOG_COMPILER_LAUNCHIMAGE_NAME = LaunchImage;
				INFOPLIST_FILE = "fb-viewer-swift/Info.plist";
				LD_RUNPATH_SEARCH_PATHS = "$(inherited) @executable_path/Frameworks";
				PRODUCT_NAME = "$(TARGET_NAME)";
			};
			name = Debug;
		};
		316F106319720B9400EDA87A /* Release */ = {
			isa = XCBuildConfiguration;
			buildSettings = {
				ASSETCATALOG_COMPILER_APPICON_NAME = AppIcon;
				ASSETCATALOG_COMPILER_LAUNCHIMAGE_NAME = LaunchImage;
				INFOPLIST_FILE = "fb-viewer-swift/Info.plist";
				LD_RUNPATH_SEARCH_PATHS = "$(inherited) @executable_path/Frameworks";
				PRODUCT_NAME = "$(TARGET_NAME)";
			};
			name = Release;
		};
		316F106519720B9400EDA87A /* Debug */ = {
			isa = XCBuildConfiguration;
			buildSettings = {
				BUNDLE_LOADER = "$(BUILT_PRODUCTS_DIR)/fb-viewer-swift.app/fb-viewer-swift";
				FRAMEWORK_SEARCH_PATHS = (
					"$(SDKROOT)/Developer/Library/Frameworks",
					"$(inherited)",
				);
				GCC_PREPROCESSOR_DEFINITIONS = (
					"DEBUG=1",
					"$(inherited)",
				);
				INFOPLIST_FILE = "fb-viewer-swiftTests/Info.plist";
				LD_RUNPATH_SEARCH_PATHS = "$(inherited) @executable_path/Frameworks @loader_path/Frameworks";
				PRODUCT_NAME = "$(TARGET_NAME)";
				TEST_HOST = "$(BUNDLE_LOADER)";
			};
			name = Debug;
		};
		316F106619720B9400EDA87A /* Release */ = {
			isa = XCBuildConfiguration;
			buildSettings = {
				BUNDLE_LOADER = "$(BUILT_PRODUCTS_DIR)/fb-viewer-swift.app/fb-viewer-swift";
				FRAMEWORK_SEARCH_PATHS = (
					"$(SDKROOT)/Developer/Library/Frameworks",
					"$(inherited)",
				);
				INFOPLIST_FILE = "fb-viewer-swiftTests/Info.plist";
				LD_RUNPATH_SEARCH_PATHS = "$(inherited) @executable_path/Frameworks @loader_path/Frameworks";
				PRODUCT_NAME = "$(TARGET_NAME)";
				TEST_HOST = "$(BUNDLE_LOADER)";
			};
			name = Release;
		};
/* End XCBuildConfiguration section */

/* Begin XCConfigurationList section */
		316F104019720B9400EDA87A /* Build configuration list for PBXProject "fb-viewer-swift" */ = {
			isa = XCConfigurationList;
			buildConfigurations = (
				316F105F19720B9400EDA87A /* Debug */,
				316F106019720B9400EDA87A /* Release */,
			);
			defaultConfigurationIsVisible = 0;
			defaultConfigurationName = Release;
		};
		316F106119720B9400EDA87A /* Build configuration list for PBXNativeTarget "fb-viewer-swift" */ = {
			isa = XCConfigurationList;
			buildConfigurations = (
				316F106219720B9400EDA87A /* Debug */,
				316F106319720B9400EDA87A /* Release */,
			);
			defaultConfigurationIsVisible = 0;
		};
		316F106419720B9400EDA87A /* Build configuration list for PBXNativeTarget "fb-viewer-swiftTests" */ = {
			isa = XCConfigurationList;
			buildConfigurations = (
				316F106519720B9400EDA87A /* Debug */,
				316F106619720B9400EDA87A /* Release */,
			);
			defaultConfigurationIsVisible = 0;
		};
/* End XCConfigurationList section */
	};
	rootObject = 316F103D19720B9400EDA87A /* Project object */;
}
